{
  "nodes": {
    "caveman": {
      "flake": false,
      "locked": {
        "lastModified": 1776257424,
        "narHash": "sha256-m7HhCW4fXU5pIYRWVP6cvSYUkDHt8R90D9UI3tT7euk=",
        "ref": "refs/heads/main",
        "rev": "c2ed24b3e5d412cd0c25197b2bc9af587621fd99",
        "revCount": 140,
        "type": "git",
        "url": "https://github.com/JuliusBrussee/caveman.git"
      },
      "original": {
        "type": "git",
        "url": "https://github.com/JuliusBrussee/caveman.git"
      }
    },
    "flake-utils": {
      "inputs": {
        "systems": "systems"
      },
      "locked": {
        "lastModified": 1731533236,
        "narHash": "sha256-l0KFg5HjrsfsO/JpG+r7fRrqm12kzFHyUHqHCVpMMbI=",
        "owner": "numtide",
        "repo": "flake-utils",
        "rev": "11707dc2f618dd54ca8739b309ec4fc024de578b",
        "type": "github"
      },
      "original": {
        "owner": "numtide",
        "repo": "flake-utils",
        "type": "github"
      }
    },
    "nixpkgs": {
      "locked": {
        "lastModified": 1775710090,
        "narHash": "sha256-ar3rofg+awPB8QXDaFJhJ2jJhu+KqN/PRCXeyuXR76E=",
        "owner": "NixOS",
        "repo": "nixpkgs",
        "rev": "4c1018dae018162ec878d42fec712642d214fdfa",
        "type": "github"
      },
      "original": {
        "owner": "NixOS",
        "ref": "nixos-unstable",
        "repo": "nixpkgs",
        "type": "github"
      }
    },
    "pi-web-access": {
      "flake": false,
      "locked": {
        "lastModified": 1775268893,
        "narHash": "sha256-OA1UpLXMV/g5CQgf03KwOjCoa34a32/Itwx8GePw2fk=",
        "ref": "refs/heads/main",
        "rev": "b378e5d80d424806058e819b262f72e5f6b58b7d",
        "revCount": 30,
        "type": "git",
        "url": "https://github.com/nicobailon/pi-web-access.git"
      },
      "original": {
        "type": "git",
        "url": "https://github.com/nicobailon/pi-web-access.git"
      }
    },
    "root": {
      "inputs": {
        "caveman": "caveman",
        "flake-utils": "flake-utils",
        "nixpkgs": "nixpkgs",
        "pi-web-access": "pi-web-access"
      }
    },
    "systems": {
      "locked": {
        "lastModified": 1681028828,
        "narHash": "sha256-Vy1rq5AaRuLzOxct8nz4T6wlgyUR7zLU309k9mBC768=",
        "owner": "nix-systems",
        "repo": "default",
        "rev": "da67096a3b9bf56a91d16901293e51ba5b49a27e",
        "type": "github"
      },
      "original": {
        "owner": "nix-systems",
        "repo": "default",
        "type": "github"
      }
    }
  },
  "root": "root",
  "version": 7
}
